
Microsoft Visual Studio Solution File, Format Version 12.00
# Visual Studio 15
VisualStudioVersion = 15.0.27130.2026
MinimumVisualStudioVersion = 10.0.40219.1
Project("{9A19103F-16F7-4668-BE54-9A1E7A4F7556}") = "Calculator", "Calculator\Calculator.csproj", "{C7D09522-DEEB-4E07-8B85-968127F65583}"
EndProject
Project("{FAE04EC0-301F-11D3-BF4B-00C04F79EFBC}") = "Unit_test", "..\Unit_test\Unit_test\Unit_test.csproj", "{48E176AA-E942-4F63-9381-8264C11C419F}"
EndProject
Project("{FAE04EC0-301F-11D3-BF4B-00C04F79EFBC}") = "Calculator_Unit_Test", "Calculator_Unit_Test\Calculator_Unit_Test\Calculator_Unit_Test.csproj", "{F20FE6F4-84DB-4FB9-9A57-A1A6AC119945}"
EndProject
Global
	GlobalSection(SolutionConfigurationPlatforms) = preSolution
		Debug|Any CPU = Debug|Any CPU
		Release|Any CPU = Release|Any CPU
	EndGlobalSection
	GlobalSection(ProjectConfigurationPlatforms) = postSolution
		{C7D09522-DEEB-4E07-8B85-968127F65583}.Debug|Any CPU.ActiveCfg = Debug|Any CPU
		{C7D09522-DEEB-4E07-8B85-968127F65583}.Debug|Any CPU.Build.0 = Debug|Any CPU
		{C7D09522-DEEB-4E07-8B85-968127F65583}.Release|Any CPU.ActiveCfg = Release|Any CPU
		{C7D09522-DEEB-4E07-8B85-968127F65583}.Release|Any CPU.Build.0 = Release|Any CPU
		{48E176AA-E942-4F63-9381-8264C11C419F}.Debug|Any CPU.ActiveCfg = Debug|Any CPU
		{48E176AA-E942-4F63-9381-8264C11C419F}.Debug|Any CPU.Build.0 = Debug|Any CPU
		{48E176AA-E942-4F63-9381-8264C11C419F}.Release|Any CPU.ActiveCfg = Release|Any CPU
		{48E176AA-E942-4F63-9381-8264C11C419F}.Release|Any CPU.Build.0 = Release|Any CPU
		{F20FE6F4-84DB-4FB9-9A57-A1A6AC119945}.Debug|Any CPU.ActiveCfg = Debug|Any CPU
		{F20FE6F4-84DB-4FB9-9A57-A1A6AC119945}.Debug|Any CPU.Build.0 = Debug|Any CPU
		{F20FE6F4-84DB-4FB9-9A57-A1A6AC119945}.Release|Any CPU.ActiveCfg = Release|Any CPU
		{F20FE6F4-84DB-4FB9-9A57-A1A6AC119945}.Release|Any CPU.Build.0 = Release|Any CPU
	EndGlobalSection
	GlobalSection(SolutionProperties) = preSolution
		HideSolutionNode = FALSE
	EndGlobalSection
	GlobalSection(ExtensibilityGlobals) = postSolution
		SolutionGuid = {17474BAB-4DF2-4523-803F-B4BA792780D6}
	EndGlobalSection
EndGlobal
