
Microsoft Visual Studio Solution File, Format Version 12.00
# Visual Studio 15
VisualStudioVersion = 15.0.27130.2026
MinimumVisualStudioVersion = 10.0.40219.1
Project("{FAE04EC0-301F-11D3-BF4B-00C04F79EFBC}") = "Calculator_Unit_Test", "Calculator_Unit_Test\Calculator_Unit_Test.csproj", "{F20FE6F4-84DB-4FB9-9A57-A1A6AC119945}"
EndProject
Project("{9A19103F-16F7-4668-BE54-9A1E7A4F7556}") = "Calculator", "..\Calculator\Calculator.csproj", "{FA4C0A79-552D-4726-997F-70DD154D538A}"
EndProject
Global
	GlobalSection(SolutionConfigurationPlatforms) = preSolution
		Debug|Any CPU = Debug|Any CPU
		Release|Any CPU = Release|Any CPU
	EndGlobalSection
	GlobalSection(ProjectConfigurationPlatforms) = postSolution
		{F20FE6F4-84DB-4FB9-9A57-A1A6AC119945}.Debug|Any CPU.ActiveCfg = Debug|Any CPU
		{F20FE6F4-84DB-4FB9-9A57-A1A6AC119945}.Debug|Any CPU.Build.0 = Debug|Any CPU
		{F20FE6F4-84DB-4FB9-9A57-A1A6AC119945}.Release|Any CPU.ActiveCfg = Release|Any CPU
		{F20FE6F4-84DB-4FB9-9A57-A1A6AC119945}.Release|Any CPU.Build.0 = Release|Any CPU
		{FA4C0A79-552D-4726-997F-70DD154D538A}.Debug|Any CPU.ActiveCfg = Debug|Any CPU
		{FA4C0A79-552D-4726-997F-70DD154D538A}.Debug|Any CPU.Build.0 = Debug|Any CPU
		{FA4C0A79-552D-4726-997F-70DD154D538A}.Release|Any CPU.ActiveCfg = Release|Any CPU
		{FA4C0A79-552D-4726-997F-70DD154D538A}.Release|Any CPU.Build.0 = Release|Any CPU
	EndGlobalSection
	GlobalSection(SolutionProperties) = preSolution
		HideSolutionNode = FALSE
	EndGlobalSection
	GlobalSection(ExtensibilityGlobals) = postSolution
		SolutionGuid = {F03467E8-8CB5-402B-A823-BA131BE421D2}
	EndGlobalSection
EndGlobal
