
Microsoft Visual Studio Solution File, Format Version 12.00
# Visual Studio 15
VisualStudioVersion = 15.0.27130.2026
MinimumVisualStudioVersion = 10.0.40219.1
Project("{FAE04EC0-301F-11D3-BF4B-00C04F79EFBC}") = "AirTrafficLibrary.Test.Unit", "AirTrafficLibrary.Test.Unit\AirTrafficLibrary.Test.Unit.csproj", "{216ED5A8-FACB-45DF-8D58-72C816D381A5}"
EndProject
Project("{2150E333-8FDC-42A3-9474-1A3956D46DE8}") = "Solution Items", "Solution Items", "{52EEB281-A530-4E97-B661-FAF1E15EAB46}"
	ProjectSection(SolutionItems) = preProject
		..\..\..\..\..\Desktop\TransponderReceiver\TransponderReceiver.dll = ..\..\..\..\..\Desktop\TransponderReceiver\TransponderReceiver.dll
	EndProjectSection
EndProject
Project("{FAE04EC0-301F-11D3-BF4B-00C04F79EFBC}") = "AirTrafficLibraryConsole", "AirTrafficLibraryConsole\AirTrafficLibraryConsole.csproj", "{92647FE0-67B3-4D84-B01D-E138149421EE}"
EndProject
Project("{FAE04EC0-301F-11D3-BF4B-00C04F79EFBC}") = "ATMLibrary.IntegrationTest", "ATMLibrary.IntegrationTest\ATMLibrary.IntegrationTest.csproj", "{750D9937-E536-4743-B5F8-3D9DAAFA7D86}"
EndProject
Global
	GlobalSection(SolutionConfigurationPlatforms) = preSolution
		Debug|Any CPU = Debug|Any CPU
		Release|Any CPU = Release|Any CPU
	EndGlobalSection
	GlobalSection(ProjectConfigurationPlatforms) = postSolution
		{216ED5A8-FACB-45DF-8D58-72C816D381A5}.Debug|Any CPU.ActiveCfg = Debug|Any CPU
		{216ED5A8-FACB-45DF-8D58-72C816D381A5}.Debug|Any CPU.Build.0 = Debug|Any CPU
		{216ED5A8-FACB-45DF-8D58-72C816D381A5}.Release|Any CPU.ActiveCfg = Release|Any CPU
		{216ED5A8-FACB-45DF-8D58-72C816D381A5}.Release|Any CPU.Build.0 = Release|Any CPU
		{92647FE0-67B3-4D84-B01D-E138149421EE}.Debug|Any CPU.ActiveCfg = Debug|Any CPU
		{92647FE0-67B3-4D84-B01D-E138149421EE}.Debug|Any CPU.Build.0 = Debug|Any CPU
		{92647FE0-67B3-4D84-B01D-E138149421EE}.Release|Any CPU.ActiveCfg = Release|Any CPU
		{92647FE0-67B3-4D84-B01D-E138149421EE}.Release|Any CPU.Build.0 = Release|Any CPU
		{750D9937-E536-4743-B5F8-3D9DAAFA7D86}.Debug|Any CPU.ActiveCfg = Debug|Any CPU
		{750D9937-E536-4743-B5F8-3D9DAAFA7D86}.Debug|Any CPU.Build.0 = Debug|Any CPU
		{750D9937-E536-4743-B5F8-3D9DAAFA7D86}.Release|Any CPU.ActiveCfg = Release|Any CPU
		{750D9937-E536-4743-B5F8-3D9DAAFA7D86}.Release|Any CPU.Build.0 = Release|Any CPU
	EndGlobalSection
	GlobalSection(SolutionProperties) = preSolution
		HideSolutionNode = FALSE
	EndGlobalSection
	GlobalSection(ExtensibilityGlobals) = postSolution
		SolutionGuid = {C13DD1BE-7269-422B-8F91-5DC709DC1123}
	EndGlobalSection
EndGlobal
