
Microsoft Visual Studio Solution File, Format Version 12.00
# Visual Studio 15
VisualStudioVersion = 15.0.27130.2026
MinimumVisualStudioVersion = 10.0.40219.1
Project("{FAE04EC0-301F-11D3-BF4B-00C04F79EFBC}") = "AirTrafficLibrary", "AirTrafficLibrary\AirTrafficLibrary.csproj", "{E2312FA8-CAFF-4BF7-86D1-351260FB497F}"
EndProject
Project("{FAE04EC0-301F-11D3-BF4B-00C04F79EFBC}") = "AirTrafficLibrary.Test.Unit", "AirTrafficLibrary.Test.Unit\AirTrafficLibrary.Test.Unit.csproj", "{74154702-48C5-48FF-AB0A-A0909E1CF0CE}"
EndProject
Global
	GlobalSection(SolutionConfigurationPlatforms) = preSolution
		Debug|Any CPU = Debug|Any CPU
		Release|Any CPU = Release|Any CPU
	EndGlobalSection
	GlobalSection(ProjectConfigurationPlatforms) = postSolution
		{E2312FA8-CAFF-4BF7-86D1-351260FB497F}.Debug|Any CPU.ActiveCfg = Debug|Any CPU
		{E2312FA8-CAFF-4BF7-86D1-351260FB497F}.Debug|Any CPU.Build.0 = Debug|Any CPU
		{E2312FA8-CAFF-4BF7-86D1-351260FB497F}.Release|Any CPU.ActiveCfg = Release|Any CPU
		{E2312FA8-CAFF-4BF7-86D1-351260FB497F}.Release|Any CPU.Build.0 = Release|Any CPU
		{74154702-48C5-48FF-AB0A-A0909E1CF0CE}.Debug|Any CPU.ActiveCfg = Debug|Any CPU
		{74154702-48C5-48FF-AB0A-A0909E1CF0CE}.Debug|Any CPU.Build.0 = Debug|Any CPU
		{74154702-48C5-48FF-AB0A-A0909E1CF0CE}.Release|Any CPU.ActiveCfg = Release|Any CPU
		{74154702-48C5-48FF-AB0A-A0909E1CF0CE}.Release|Any CPU.Build.0 = Release|Any CPU
	EndGlobalSection
	GlobalSection(SolutionProperties) = preSolution
		HideSolutionNode = FALSE
	EndGlobalSection
	GlobalSection(ExtensibilityGlobals) = postSolution
		SolutionGuid = {3AB344BF-41D2-440B-A142-B726D3D1684C}
	EndGlobalSection
EndGlobal
